// !$*UTF8*$!
{
	archiveVersion = 1;
	classes = {
	};
	objectVersion = 50;
	objects = {

/* Begin PBXBuildFile section */
		03BD753724A8CEF000318A35 /* AppDelegate.swift in Sources */ = {isa = PBXBuildFile; fileRef = 03BD753624A8CEF000318A35 /* AppDelegate.swift */; };
		03BD753924A8CEF000318A35 /* SceneDelegate.swift in Sources */ = {isa = PBXBuildFile; fileRef = 03BD753824A8CEF000318A35 /* SceneDelegate.swift */; };
		03BD753B24A8CEF000318A35 /* ViewController.swift in Sources */ = {isa = PBXBuildFile; fileRef = 03BD753A24A8CEF000318A35 /* ViewController.swift */; };
		03BD753E24A8CEF000318A35 /* Main.storyboard in Resources */ = {isa = PBXBuildFile; fileRef = 03BD753C24A8CEF000318A35 /* Main.storyboard */; };
		03BD754124A8CEF000318A35 /* Gardenary.xcdatamodeld in Sources */ = {isa = PBXBuildFile; fileRef = 03BD753F24A8CEF000318A35 /* Gardenary.xcdatamodeld */; };
		03BD754324A8CEF100318A35 /* Assets.xcassets in Resources */ = {isa = PBXBuildFile; fileRef = 03BD754224A8CEF100318A35 /* Assets.xcassets */; };
		03BD754624A8CEF100318A35 /* LaunchScreen.storyboard in Resources */ = {isa = PBXBuildFile; fileRef = 03BD754424A8CEF100318A35 /* LaunchScreen.storyboard */; };
/* End PBXBuildFile section */

/* Begin PBXFileReference section */
		03BD753324A8CEF000318A35 /* Gardenary.app */ = {isa = PBXFileReference; explicitFileType = wrapper.application; includeInIndex = 0; path = Gardenary.app; sourceTree = BUILT_PRODUCTS_DIR; };
		03BD753624A8CEF000318A35 /* AppDelegate.swift */ = {isa = PBXFileReference; lastKnownFileType = sourcecode.swift; path = AppDelegate.swift; sourceTree = "<group>"; };
		03BD753824A8CEF000318A35 /* SceneDelegate.swift */ = {isa = PBXFileReference; lastKnownFileType = sourcecode.swift; path = SceneDelegate.swift; sourceTree = "<group>"; };
		03BD753A24A8CEF000318A35 /* ViewController.swift */ = {isa = PBXFileReference; lastKnownFileType = sourcecode.swift; path = ViewController.swift; sourceTree = "<group>"; };
		03BD753D24A8CEF000318A35 /* Base */ = {isa = PBXFileReference; lastKnownFileType = file.storyboard; name = Base; path = Base.lproj/Main.storyboard; sourceTree = "<group>"; };
		03BD754024A8CEF000318A35 /* Gardenary.xcdatamodel */ = {isa = PBXFileReference; lastKnownFileType = wrapper.xcdatamodel; path = Gardenary.xcdatamodel; sourceTree = "<group>"; };
		03BD754224A8CEF100318A35 /* Assets.xcassets */ = {isa = PBXFileReference; lastKnownFileType = folder.assetcatalog; path = Assets.xcassets; sourceTree = "<group>"; };
		03BD754524A8CEF100318A35 /* Base */ = {isa = PBXFileReference; lastKnownFileType = file.storyboard; name = Base; path = Base.lproj/LaunchScreen.storyboard; sourceTree = "<group>"; };
		03BD754724A8CEF100318A35 /* Info.plist */ = {isa = PBXFileReference; lastKnownFileType = text.plist.xml; path = Info.plist; sourceTree = "<group>"; };
/* End PBXFileReference section */

/* Begin PBXFrameworksBuildPhase section */
		03BD753024A8CEF000318A35 /* Frameworks */ = {
			isa = PBXFrameworksBuildPhase;
			buildActionMask = 2147483647;
			files = (
			);
			runOnlyForDeploymentPostprocessing = 0;
		};
/* End PBXFrameworksBuildPhase section */

/* Begin PBXGroup section */
		03BD752A24A8CEF000318A35 = {
			isa = PBXGroup;
			children = (
				03BD753524A8CEF000318A35 /* Gardenary */,
				03BD753424A8CEF000318A35 /* Products */,
			);
			sourceTree = "<group>";
		};
		03BD753424A8CEF000318A35 /* Products */ = {
			isa = PBXGroup;
			children = (
				03BD753324A8CEF000318A35 /* Gardenary.app */,
			);
			name = Products;
			sourceTree = "<group>";
		};
		03BD753524A8CEF000318A35 /* Gardenary */ = {
			isa = PBXGroup;
			children = (
				03BD753624A8CEF000318A35 /* AppDelegate.swift */,
				03BD753824A8CEF000318A35 /* SceneDelegate.swift */,
				03BD753A24A8CEF000318A35 /* ViewController.swift */,
				03BD753C24A8CEF000318A35 /* Main.storyboard */,
				03BD754224A8CEF100318A35 /* Assets.xcassets */,
				03BD754424A8CEF100318A35 /* LaunchScreen.storyboard */,
				03BD754724A8CEF100318A35 /* Info.plist */,
				03BD753F24A8CEF000318A35 /* Gardenary.xcdatamodeld */,
			);
			path = Gardenary;
			sourceTree = "<group>";
		};
/* End PBXGroup section */

/* Begin PBXNativeTarget section */
		03BD753224A8CEF000318A35 /* Gardenary */ = {
			isa = PBXNativeTarget;
			buildConfigurationList = 03BD754A24A8CEF100318A35 /* Build configuration list for PBXNativeTarget "Gardenary" */;
			buildPhases = (
				03BD752F24A8CEF000318A35 /* Sources */,
				03BD753024A8CEF000318A35 /* Frameworks */,
				03BD753124A8CEF000318A35 /* Resources */,
			);
			buildRules = (
			);
			dependencies = (
			);
			name = Gardenary;
			productName = Gardenary;
			productReference = 03BD753324A8CEF000318A35 /* Gardenary.app */;
			productType = "com.apple.product-type.application";
		};
/* End PBXNativeTarget section */

/* Begin PBXProject section */
		03BD752B24A8CEF000318A35 /* Project object */ = {
			isa = PBXProject;
			attributes = {
				LastSwiftUpdateCheck = 1150;
				LastUpgradeCheck = 1150;
				ORGANIZATIONNAME = Gardenary;
				TargetAttributes = {
					03BD753224A8CEF000318A35 = {
						CreatedOnToolsVersion = 11.5;
					};
				};
			};
			buildConfigurationList = 03BD752E24A8CEF000318A35 /* Build configuration list for PBXProject "Gardenary" */;
			compatibilityVersion = "Xcode 9.3";
			developmentRegion = en;
			hasScannedForEncodings = 0;
			knownRegions = (
				en,
				Base,
			);
			mainGroup = 03BD752A24A8CEF000318A35;
			productRefGroup = 03BD753424A8CEF000318A35 /* Products */;
			projectDirPath = "";
			projectRoot = "";
			targets = (
				03BD753224A8CEF000318A35 /* Gardenary */,
			);
		};
/* End PBXProject section */

/* Begin PBXResourcesBuildPhase section */
		03BD753124A8CEF000318A35 /* Resources */ = {
			isa = PBXResourcesBuildPhase;
			buildActionMask = 2147483647;
			files = (
				03BD754624A8CEF100318A35 /* LaunchScreen.storyboard in Resources */,
				03BD754324A8CEF100318A35 /* Assets.xcassets in Resources */,
				03BD753E24A8CEF000318A35 /* Main.storyboard in Resources */,
			);
			runOnlyForDeploymentPostprocessing = 0;
		};
/* End PBXResourcesBuildPhase section */

/* Begin PBXSourcesBuildPhase section */
		03BD752F24A8CEF000318A35 /* Sources */ = {
			isa = PBXSourcesBuildPhase;
			buildActionMask = 2147483647;
			files = (
				03BD753B24A8CEF000318A35 /* ViewController.swift in Sources */,
				03BD753724A8CEF000318A35 /* AppDelegate.swift in Sources */,
				03BD753924A8CEF000318A35 /* SceneDelegate.swift in Sources */,
				03BD754124A8CEF000318A35 /* Gardenary.xcdatamodeld in Sources */,
			);
			runOnlyForDeploymentPostprocessing = 0;
		};
/* End PBXSourcesBuildPhase section */

/* Begin PBXVariantGroup section */
		03BD753C24A8CEF000318A35 /* Main.storyboard */ = {
			isa = PBXVariantGroup;
			children = (
				03BD753D24A8CEF000318A35 /* Base */,
			);
			name = Main.storyboard;
			sourceTree = "<group>";
		};
		03BD754424A8CEF100318A35 /* LaunchScreen.storyboard */ = {
			isa = PBXVariantGroup;
			children = (
				03BD754524A8CEF100318A35 /* Base */,
			);
			name = LaunchScreen.storyboard;
			sourceTree = "<group>";
		};
/* End PBXVariantGroup section */

/* Begin XCBuildConfiguration section */
		03BD754824A8CEF100318A35 /* Debug */ = {
			isa = XCBuildConfiguration;
			buildSettings = {
				ALWAYS_SEARCH_USER_PATHS = NO;
				CLANG_ANALYZER_NONNULL = YES;
				CLANG_ANALYZER_NUMBER_OBJECT_CONVERSION = YES_AGGRESSIVE;
				CLANG_CXX_LANGUAGE_STANDARD = "gnu++14";
				CLANG_CXX_LIBRARY = "libc++";
				CLANG_ENABLE_MODULES = YES;
				CLANG_ENABLE_OBJC_ARC = YES;
				CLANG_ENABLE_OBJC_WEAK = YES;
				CLANG_WARN_BLOCK_CAPTURE_AUTORELEASING = YES;
				CLANG_WARN_BOOL_CONVERSION = YES;
				CLANG_WARN_COMMA = YES;
				CLANG_WARN_CONSTANT_CONVERSION = YES;
				CLANG_WARN_DEPRECATED_OBJC_IMPLEMENTATIONS = YES;
				CLANG_WARN_DIRECT_OBJC_ISA_USAGE = YES_ERROR;
				CLANG_WARN_DOCUMENTATION_COMMENTS = YES;
				CLANG_WARN_EMPTY_BODY = YES;
				CLANG_WARN_ENUM_CONVERSION = YES;
				CLANG_WARN_INFINITE_RECURSION = YES;
				CLANG_WARN_INT_CONVERSION = YES;
				CLANG_WARN_NON_LITERAL_NULL_CONVERSION = YES;
				CLANG_WARN_OBJC_IMPLICIT_RETAIN_SELF = YES;
				CLANG_WARN_OBJC_LITERAL_CONVERSION = YES;
				CLANG_WARN_OBJC_ROOT_CLASS = YES_ERROR;
				CLANG_WARN_RANGE_LOOP_ANALYSIS = YES;
				CLANG_WARN_STRICT_PROTOTYPES = YES;
				CLANG_WARN_SUSPICIOUS_MOVE = YES;
				CLANG_WARN_UNGUARDED_AVAILABILITY = YES_AGGRESSIVE;
				CLANG_WARN_UNREACHABLE_CODE = YES;
				CLANG_WARN__DUPLICATE_METHOD_MATCH = YES;
				COPY_PHASE_STRIP = NO;
				DEBUG_INFORMATION_FORMAT = dwarf;
				ENABLE_STRICT_OBJC_MSGSEND = YES;
				ENABLE_TESTABILITY = YES;
				GCC_C_LANGUAGE_STANDARD = gnu11;
				GCC_DYNAMIC_NO_PIC = NO;
				GCC_NO_COMMON_BLOCKS = YES;
				GCC_OPTIMIZATION_LEVEL = 0;
				GCC_PREPROCESSOR_DEFINITIONS = (
					"DEBUG=1",
					"$(inherited)",
				);
				GCC_WARN_64_TO_32_BIT_CONVERSION = YES;
				GCC_WARN_ABOUT_RETURN_TYPE = YES_ERROR;
				GCC_WARN_UNDECLARED_SELECTOR = YES;
				GCC_WARN_UNINITIALIZED_AUTOS = YES_AGGRESSIVE;
				GCC_WARN_UNUSED_FUNCTION = YES;
				GCC_WARN_UNUSED_VARIABLE = YES;
				IPHONEOS_DEPLOYMENT_TARGET = 13.5;
				MTL_ENABLE_DEBUG_INFO = INCLUDE_SOURCE;
				MTL_FAST_MATH = YES;
				ONLY_ACTIVE_ARCH = YES;
				SDKROOT = iphoneos;
				SWIFT_ACTIVE_COMPILATION_CONDITIONS = DEBUG;
				SWIFT_OPTIMIZATION_LEVEL = "-Onone";
			};
			name = Debug;
		};
		03BD754924A8CEF100318A35 /* Release */ = {
			isa = XCBuildConfiguration;
			buildSettings = {
				ALWAYS_SEARCH_USER_PATHS = NO;
				CLANG_ANALYZER_NONNULL = YES;
				CLANG_ANALYZER_NUMBER_OBJECT_CONVERSION = YES_AGGRESSIVE;
				CLANG_CXX_LANGUAGE_STANDARD = "gnu++14";
				CLANG_CXX_LIBRARY = "libc++";
				CLANG_ENABLE_MODULES = YES;
				CLANG_ENABLE_OBJC_ARC = YES;
				CLANG_ENABLE_OBJC_WEAK = YES;
				CLANG_WARN_BLOCK_CAPTURE_AUTORELEASING = YES;
				CLANG_WARN_BOOL_CONVERSION = YES;
				CLANG_WARN_COMMA = YES;
				CLANG_WARN_CONSTANT_CONVERSION = YES;
				CLANG_WARN_DEPRECATED_OBJC_IMPLEMENTATIONS = YES;
				CLANG_WARN_DIRECT_OBJC_ISA_USAGE = YES_ERROR;
				CLANG_WARN_DOCUMENTATION_COMMENTS = YES;
				CLANG_WARN_EMPTY_BODY = YES;
				CLANG_WARN_ENUM_CONVERSION = YES;
				CLANG_WARN_INFINITE_RECURSION = YES;
				CLANG_WARN_INT_CONVERSION = YES;
				CLANG_WARN_NON_LITERAL_NULL_CONVERSION = YES;
				CLANG_WARN_OBJC_IMPLICIT_RETAIN_SELF = YES;
				CLANG_WARN_OBJC_LITERAL_CONVERSION = YES;
				CLANG_WARN_OBJC_ROOT_CLASS = YES_ERROR;
				CLANG_WARN_RANGE_LOOP_ANALYSIS = YES;
				CLANG_WARN_STRICT_PROTOTYPES = YES;
				CLANG_WARN_SUSPICIOUS_MOVE = YES;
				CLANG_WARN_UNGUARDED_AVAILABILITY = YES_AGGRESSIVE;
				CLANG_WARN_UNREACHABLE_CODE = YES;
				CLANG_WARN__DUPLICATE_METHOD_MATCH = YES;
				COPY_PHASE_STRIP = NO;
				DEBUG_INFORMATION_FORMAT = "dwarf-with-dsym";
				ENABLE_NS_ASSERTIONS = NO;
				ENABLE_STRICT_OBJC_MSGSEND = YES;
				GCC_C_LANGUAGE_STANDARD = gnu11;
				GCC_NO_COMMON_BLOCKS = YES;
				GCC_WARN_64_TO_32_BIT_CONVERSION = YES;
				GCC_WARN_ABOUT_RETURN_TYPE = YES_ERROR;
				GCC_WARN_UNDECLARED_SELECTOR = YES;
				GCC_WARN_UNINITIALIZED_AUTOS = YES_AGGRESSIVE;
				GCC_WARN_UNUSED_FUNCTION = YES;
				GCC_WARN_UNUSED_VARIABLE = YES;
				IPHONEOS_DEPLOYMENT_TARGET = 13.5;
				MTL_ENABLE_DEBUG_INFO = NO;
				MTL_FAST_MATH = YES;
				SDKROOT = iphoneos;
				SWIFT_COMPILATION_MODE = wholemodule;
				SWIFT_OPTIMIZATION_LEVEL = "-O";
				VALIDATE_PRODUCT = YES;
			};
			name = Release;
		};
		03BD754B24A8CEF100318A35 /* Debug */ = {
			isa = XCBuildConfiguration;
			buildSettings = {
				ASSETCATALOG_COMPILER_APPICON_NAME = AppIcon;
				CODE_SIGN_STYLE = Automatic;
				DEVELOPMENT_TEAM = KUWF9QQT67;
				INFOPLIST_FILE = Gardenary/Info.plist;
				LD_RUNPATH_SEARCH_PATHS = (
					"$(inherited)",
					"@executable_path/Frameworks",
				);
				PRODUCT_BUNDLE_IDENTIFIER = com.Gardenary;
				PRODUCT_NAME = "$(TARGET_NAME)";
				SWIFT_VERSION = 5.0;
				TARGETED_DEVICE_FAMILY = "1,2";
			};
			name = Debug;
		};
		03BD754C24A8CEF100318A35 /* Release */ = {
			isa = XCBuildConfiguration;
			buildSettings = {
				ASSETCATALOG_COMPILER_APPICON_NAME = AppIcon;
				CODE_SIGN_STYLE = Automatic;
				DEVELOPMENT_TEAM = KUWF9QQT67;
				INFOPLIST_FILE = Gardenary/Info.plist;
				LD_RUNPATH_SEARCH_PATHS = (
					"$(inherited)",
					"@executable_path/Frameworks",
				);
				PRODUCT_BUNDLE_IDENTIFIER = com.Gardenary;
				PRODUCT_NAME = "$(TARGET_NAME)";
				SWIFT_VERSION = 5.0;
				TARGETED_DEVICE_FAMILY = "1,2";
			};
			name = Release;
		};
/* End XCBuildConfiguration section */

/* Begin XCConfigurationList section */
		03BD752E24A8CEF000318A35 /* Build configuration list for PBXProject "Gardenary" */ = {
			isa = XCConfigurationList;
			buildConfigurations = (
				03BD754824A8CEF100318A35 /* Debug */,
				03BD754924A8CEF100318A35 /* Release */,
			);
			defaultConfigurationIsVisible = 0;
			defaultConfigurationName = Release;
		};
		03BD754A24A8CEF100318A35 /* Build configuration list for PBXNativeTarget "Gardenary" */ = {
			isa = XCConfigurationList;
			buildConfigurations = (
				03BD754B24A8CEF100318A35 /* Debug */,
				03BD754C24A8CEF100318A35 /* Release */,
			);
			defaultConfigurationIsVisible = 0;
			defaultConfigurationName = Release;
		};
/* End XCConfigurationList section */

/* Begin XCVersionGroup section */
		03BD753F24A8CEF000318A35 /* Gardenary.xcdatamodeld */ = {
			isa = XCVersionGroup;
			children = (
				03BD754024A8CEF000318A35 /* Gardenary.xcdatamodel */,
			);
			currentVersion = 03BD754024A8CEF000318A35 /* Gardenary.xcdatamodel */;
			path = Gardenary.xcdatamodeld;
			sourceTree = "<group>";
			versionGroupType = wrapper.xcdatamodel;
		};
/* End XCVersionGroup section */
	};
	rootObject = 03BD752B24A8CEF000318A35 /* Project object */;
}
